
Microsoft Visual Studio Solution File, Format Version 12.00
# Visual Studio 15
VisualStudioVersion = 15.0.28307.489
MinimumVisualStudioVersion = 10.0.40219.1
Project("{FAE04EC0-301F-11D3-BF4B-00C04F79EFBC}") = "ConfigurationManager", "ConfigurationManager\ConfigurationManager.csproj", "{40DFD7DF-C486-4092-8AB5-578E41496237}"
EndProject
Project("{FAE04EC0-301F-11D3-BF4B-00C04F79EFBC}") = "TestingProject", "TestingProject\TestingProject.csproj", "{4D92B033-8B65-4A42-A7A5-166717B649E2}"
EndProject
Global
	GlobalSection(SolutionConfigurationPlatforms) = preSolution
		Debug|Any CPU = Debug|Any CPU
		Release|Any CPU = Release|Any CPU
	EndGlobalSection
	GlobalSection(ProjectConfigurationPlatforms) = postSolution
		{40DFD7DF-C486-4092-8AB5-578E41496237}.Debug|Any CPU.ActiveCfg = Debug|Any CPU
		{40DFD7DF-C486-4092-8AB5-578E41496237}.Debug|Any CPU.Build.0 = Debug|Any CPU
		{40DFD7DF-C486-4092-8AB5-578E41496237}.Release|Any CPU.ActiveCfg = Release|Any CPU
		{40DFD7DF-C486-4092-8AB5-578E41496237}.Release|Any CPU.Build.0 = Release|Any CPU
		{4D92B033-8B65-4A42-A7A5-166717B649E2}.Debug|Any CPU.ActiveCfg = Debug|Any CPU
		{4D92B033-8B65-4A42-A7A5-166717B649E2}.Debug|Any CPU.Build.0 = Debug|Any CPU
		{4D92B033-8B65-4A42-A7A5-166717B649E2}.Release|Any CPU.ActiveCfg = Release|Any CPU
		{4D92B033-8B65-4A42-A7A5-166717B649E2}.Release|Any CPU.Build.0 = Release|Any CPU
	EndGlobalSection
	GlobalSection(SolutionProperties) = preSolution
		HideSolutionNode = FALSE
	EndGlobalSection
	GlobalSection(ExtensibilityGlobals) = postSolution
		SolutionGuid = {859D1B66-8294-4551-AA00-54B9B6564C4A}
	EndGlobalSection
EndGlobal
