
Microsoft Visual Studio Solution File, Format Version 12.00
# Visual Studio 15
VisualStudioVersion = 15.0.28307.489
MinimumVisualStudioVersion = 10.0.40219.1
Project("{9A19103F-16F7-4668-BE54-9A1E7A4F7556}") = "FastConfigCore", "ConfigurationManager\FastConfigCore.csproj", "{40DFD7DF-C486-4092-8AB5-578E41496237}"
EndProject
Project("{FAE04EC0-301F-11D3-BF4B-00C04F79EFBC}") = "FastConfig", "FastConfig\FastConfig.csproj", "{36EEA22F-A8D2-4C54-A528-D589F6DAE243}"
EndProject
Project("{FAE04EC0-301F-11D3-BF4B-00C04F79EFBC}") = "FastConfigConsoleTest", "FastConfigConsoleTest\FastConfigConsoleTest.csproj", "{72F9140D-EE2D-46FC-B73D-DD3C6ADC54A5}"
EndProject
Global
	GlobalSection(SolutionConfigurationPlatforms) = preSolution
		Debug|Any CPU = Debug|Any CPU
		Release|Any CPU = Release|Any CPU
	EndGlobalSection
	GlobalSection(ProjectConfigurationPlatforms) = postSolution
		{40DFD7DF-C486-4092-8AB5-578E41496237}.Debug|Any CPU.ActiveCfg = Debug|Any CPU
		{40DFD7DF-C486-4092-8AB5-578E41496237}.Debug|Any CPU.Build.0 = Debug|Any CPU
		{40DFD7DF-C486-4092-8AB5-578E41496237}.Release|Any CPU.ActiveCfg = Release|Any CPU
		{40DFD7DF-C486-4092-8AB5-578E41496237}.Release|Any CPU.Build.0 = Release|Any CPU
		{36EEA22F-A8D2-4C54-A528-D589F6DAE243}.Debug|Any CPU.ActiveCfg = Debug|Any CPU
		{36EEA22F-A8D2-4C54-A528-D589F6DAE243}.Debug|Any CPU.Build.0 = Debug|Any CPU
		{36EEA22F-A8D2-4C54-A528-D589F6DAE243}.Release|Any CPU.ActiveCfg = Release|Any CPU
		{36EEA22F-A8D2-4C54-A528-D589F6DAE243}.Release|Any CPU.Build.0 = Release|Any CPU
		{72F9140D-EE2D-46FC-B73D-DD3C6ADC54A5}.Debug|Any CPU.ActiveCfg = Debug|Any CPU
		{72F9140D-EE2D-46FC-B73D-DD3C6ADC54A5}.Debug|Any CPU.Build.0 = Debug|Any CPU
		{72F9140D-EE2D-46FC-B73D-DD3C6ADC54A5}.Release|Any CPU.ActiveCfg = Release|Any CPU
		{72F9140D-EE2D-46FC-B73D-DD3C6ADC54A5}.Release|Any CPU.Build.0 = Release|Any CPU
	EndGlobalSection
	GlobalSection(SolutionProperties) = preSolution
		HideSolutionNode = FALSE
	EndGlobalSection
	GlobalSection(ExtensibilityGlobals) = postSolution
		SolutionGuid = {859D1B66-8294-4551-AA00-54B9B6564C4A}
	EndGlobalSection
EndGlobal
